
Microsoft Visual Studio Solution File, Format Version 12.00
# Visual Studio 15
VisualStudioVersion = 15.0.28307.329
MinimumVisualStudioVersion = 10.0.40219.1
Project("{FAE04EC0-301F-11D3-BF4B-00C04F79EFBC}") = "IGangMedLøkkerv1.0", "IGangMedLøkkerv1.0\IGangMedLøkkerv1.0.csproj", "{BE291200-5FDD-41CE-B4F4-0AB4636493FD}"
EndProject
Global
	GlobalSection(SolutionConfigurationPlatforms) = preSolution
		Debug|Any CPU = Debug|Any CPU
		Release|Any CPU = Release|Any CPU
	EndGlobalSection
	GlobalSection(ProjectConfigurationPlatforms) = postSolution
		{BE291200-5FDD-41CE-B4F4-0AB4636493FD}.Debug|Any CPU.ActiveCfg = Debug|Any CPU
		{BE291200-5FDD-41CE-B4F4-0AB4636493FD}.Debug|Any CPU.Build.0 = Debug|Any CPU
		{BE291200-5FDD-41CE-B4F4-0AB4636493FD}.Release|Any CPU.ActiveCfg = Release|Any CPU
		{BE291200-5FDD-41CE-B4F4-0AB4636493FD}.Release|Any CPU.Build.0 = Release|Any CPU
	EndGlobalSection
	GlobalSection(SolutionProperties) = preSolution
		HideSolutionNode = FALSE
	EndGlobalSection
	GlobalSection(ExtensibilityGlobals) = postSolution
		SolutionGuid = {EC3D5E1B-C32A-42FD-9E3E-2474AAF7CFD1}
	EndGlobalSection
EndGlobal
