
Microsoft Visual Studio Solution File, Format Version 12.00
# Visual Studio Version 16
VisualStudioVersion = 16.0.28711.60
MinimumVisualStudioVersion = 10.0.40219.1
Project("{FAE04EC0-301F-11D3-BF4B-00C04F79EFBC}") = "Person", "Person\Person.csproj", "{F50156BD-189B-404F-B6AE-242FD87BC57C}"
EndProject
Global
	GlobalSection(SolutionConfigurationPlatforms) = preSolution
		Debug|Any CPU = Debug|Any CPU
		Release|Any CPU = Release|Any CPU
	EndGlobalSection
	GlobalSection(ProjectConfigurationPlatforms) = postSolution
		{F50156BD-189B-404F-B6AE-242FD87BC57C}.Debug|Any CPU.ActiveCfg = Debug|Any CPU
		{F50156BD-189B-404F-B6AE-242FD87BC57C}.Debug|Any CPU.Build.0 = Debug|Any CPU
		{F50156BD-189B-404F-B6AE-242FD87BC57C}.Release|Any CPU.ActiveCfg = Release|Any CPU
		{F50156BD-189B-404F-B6AE-242FD87BC57C}.Release|Any CPU.Build.0 = Release|Any CPU
	EndGlobalSection
	GlobalSection(SolutionProperties) = preSolution
		HideSolutionNode = FALSE
	EndGlobalSection
	GlobalSection(ExtensibilityGlobals) = postSolution
		SolutionGuid = {81EEB01B-91DC-472A-9CB5-390E9844ADF5}
	EndGlobalSection
EndGlobal
