
Microsoft Visual Studio Solution File, Format Version 12.00
# Visual Studio Version 16
VisualStudioVersion = 16.0.29009.5
MinimumVisualStudioVersion = 10.0.40219.1
Project("{FAE04EC0-301F-11D3-BF4B-00C04F79EFBC}") = "PizzaShop", "PizzaShop\PizzaShop.csproj", "{D376CDAC-39AD-42FC-9443-096B8EB9E44C}"
EndProject
Global
	GlobalSection(SolutionConfigurationPlatforms) = preSolution
		Debug|Any CPU = Debug|Any CPU
		Release|Any CPU = Release|Any CPU
	EndGlobalSection
	GlobalSection(ProjectConfigurationPlatforms) = postSolution
		{D376CDAC-39AD-42FC-9443-096B8EB9E44C}.Debug|Any CPU.ActiveCfg = Debug|Any CPU
		{D376CDAC-39AD-42FC-9443-096B8EB9E44C}.Debug|Any CPU.Build.0 = Debug|Any CPU
		{D376CDAC-39AD-42FC-9443-096B8EB9E44C}.Release|Any CPU.ActiveCfg = Release|Any CPU
		{D376CDAC-39AD-42FC-9443-096B8EB9E44C}.Release|Any CPU.Build.0 = Release|Any CPU
	EndGlobalSection
	GlobalSection(SolutionProperties) = preSolution
		HideSolutionNode = FALSE
	EndGlobalSection
	GlobalSection(ExtensibilityGlobals) = postSolution
		SolutionGuid = {5B2F518D-6F35-4E9F-89E8-065C2E704A97}
	EndGlobalSection
EndGlobal
