
Microsoft Visual Studio Solution File, Format Version 12.00
# Visual Studio 15
VisualStudioVersion = 15.0.28307.271
MinimumVisualStudioVersion = 10.0.40219.1
Project("{FAE04EC0-301F-11D3-BF4B-00C04F79EFBC}") = "Valutaomregner", "Valutaomregner\Valutaomregner.csproj", "{9EA3EFF5-DDA1-4EC2-A121-7823B37A0488}"
EndProject
Global
	GlobalSection(SolutionConfigurationPlatforms) = preSolution
		Debug|Any CPU = Debug|Any CPU
		Release|Any CPU = Release|Any CPU
	EndGlobalSection
	GlobalSection(ProjectConfigurationPlatforms) = postSolution
		{9EA3EFF5-DDA1-4EC2-A121-7823B37A0488}.Debug|Any CPU.ActiveCfg = Debug|Any CPU
		{9EA3EFF5-DDA1-4EC2-A121-7823B37A0488}.Debug|Any CPU.Build.0 = Debug|Any CPU
		{9EA3EFF5-DDA1-4EC2-A121-7823B37A0488}.Release|Any CPU.ActiveCfg = Release|Any CPU
		{9EA3EFF5-DDA1-4EC2-A121-7823B37A0488}.Release|Any CPU.Build.0 = Release|Any CPU
	EndGlobalSection
	GlobalSection(SolutionProperties) = preSolution
		HideSolutionNode = FALSE
	EndGlobalSection
	GlobalSection(ExtensibilityGlobals) = postSolution
		SolutionGuid = {C64929B4-0007-4B53-9251-2C1D4339633D}
	EndGlobalSection
EndGlobal
