
Microsoft Visual Studio Solution File, Format Version 12.00
# Visual Studio Version 16
VisualStudioVersion = 16.0.29230.61
MinimumVisualStudioVersion = 10.0.40219.1
Project("{FAE04EC0-301F-11D3-BF4B-00C04F79EFBC}") = "InfoBoard", "InfoBoard\InfoBoard.csproj", "{9EE56A51-914E-4E5C-9F6D-3AADDB80C2C4}"
EndProject
Global
	GlobalSection(SolutionConfigurationPlatforms) = preSolution
		Debug|Any CPU = Debug|Any CPU
		Release|Any CPU = Release|Any CPU
	EndGlobalSection
	GlobalSection(ProjectConfigurationPlatforms) = postSolution
		{9EE56A51-914E-4E5C-9F6D-3AADDB80C2C4}.Debug|Any CPU.ActiveCfg = Debug|Any CPU
		{9EE56A51-914E-4E5C-9F6D-3AADDB80C2C4}.Debug|Any CPU.Build.0 = Debug|Any CPU
		{9EE56A51-914E-4E5C-9F6D-3AADDB80C2C4}.Release|Any CPU.ActiveCfg = Release|Any CPU
		{9EE56A51-914E-4E5C-9F6D-3AADDB80C2C4}.Release|Any CPU.Build.0 = Release|Any CPU
	EndGlobalSection
	GlobalSection(SolutionProperties) = preSolution
		HideSolutionNode = FALSE
	EndGlobalSection
	GlobalSection(ExtensibilityGlobals) = postSolution
		SolutionGuid = {989682C6-7C34-48E7-9C48-12C3A605522C}
	EndGlobalSection
EndGlobal
