
Microsoft Visual Studio Solution File, Format Version 12.00
# Visual Studio 15
VisualStudioVersion = 15.0.28307.271
MinimumVisualStudioVersion = 10.0.40219.1
Project("{FAE04EC0-301F-11D3-BF4B-00C04F79EFBC}") = "Porto", "Porto\Porto.csproj", "{C766CB30-C493-47BC-B29D-497331D1A461}"
EndProject
Global
	GlobalSection(SolutionConfigurationPlatforms) = preSolution
		Debug|Any CPU = Debug|Any CPU
		Release|Any CPU = Release|Any CPU
	EndGlobalSection
	GlobalSection(ProjectConfigurationPlatforms) = postSolution
		{C766CB30-C493-47BC-B29D-497331D1A461}.Debug|Any CPU.ActiveCfg = Debug|Any CPU
		{C766CB30-C493-47BC-B29D-497331D1A461}.Debug|Any CPU.Build.0 = Debug|Any CPU
		{C766CB30-C493-47BC-B29D-497331D1A461}.Release|Any CPU.ActiveCfg = Release|Any CPU
		{C766CB30-C493-47BC-B29D-497331D1A461}.Release|Any CPU.Build.0 = Release|Any CPU
	EndGlobalSection
	GlobalSection(SolutionProperties) = preSolution
		HideSolutionNode = FALSE
	EndGlobalSection
	GlobalSection(ExtensibilityGlobals) = postSolution
		SolutionGuid = {511EDEE9-E6F3-423D-BD60-B54CB7AD8FE6}
	EndGlobalSection
EndGlobal
