
Microsoft Visual Studio Solution File, Format Version 12.00
# Visual Studio 15
VisualStudioVersion = 15.0.28307.329
MinimumVisualStudioVersion = 10.0.40219.1
Project("{FAE04EC0-301F-11D3-BF4B-00C04F79EFBC}") = "Metoder - Filer", "Metoder - Filer\Metoder - Filer.csproj", "{DB5AA1E5-2B18-4115-9768-515CAF51AB0D}"
EndProject
Global
	GlobalSection(SolutionConfigurationPlatforms) = preSolution
		Debug|Any CPU = Debug|Any CPU
		Release|Any CPU = Release|Any CPU
	EndGlobalSection
	GlobalSection(ProjectConfigurationPlatforms) = postSolution
		{DB5AA1E5-2B18-4115-9768-515CAF51AB0D}.Debug|Any CPU.ActiveCfg = Debug|Any CPU
		{DB5AA1E5-2B18-4115-9768-515CAF51AB0D}.Debug|Any CPU.Build.0 = Debug|Any CPU
		{DB5AA1E5-2B18-4115-9768-515CAF51AB0D}.Release|Any CPU.ActiveCfg = Release|Any CPU
		{DB5AA1E5-2B18-4115-9768-515CAF51AB0D}.Release|Any CPU.Build.0 = Release|Any CPU
	EndGlobalSection
	GlobalSection(SolutionProperties) = preSolution
		HideSolutionNode = FALSE
	EndGlobalSection
	GlobalSection(ExtensibilityGlobals) = postSolution
		SolutionGuid = {B1A7AB30-91B3-42B9-AC37-B884E61779E2}
	EndGlobalSection
EndGlobal
