
Microsoft Visual Studio Solution File, Format Version 12.00
# Visual Studio Version 16
VisualStudioVersion = 16.0.28705.295
MinimumVisualStudioVersion = 10.0.40219.1
Project("{FAE04EC0-301F-11D3-BF4B-00C04F79EFBC}") = "PlayGround", "PlayGround\PlayGround.csproj", "{127E9F31-3DC5-4E1D-99AC-A5DA1805DD3A}"
EndProject
Global
	GlobalSection(SolutionConfigurationPlatforms) = preSolution
		Debug|Any CPU = Debug|Any CPU
		Release|Any CPU = Release|Any CPU
	EndGlobalSection
	GlobalSection(ProjectConfigurationPlatforms) = postSolution
		{127E9F31-3DC5-4E1D-99AC-A5DA1805DD3A}.Debug|Any CPU.ActiveCfg = Debug|Any CPU
		{127E9F31-3DC5-4E1D-99AC-A5DA1805DD3A}.Debug|Any CPU.Build.0 = Debug|Any CPU
		{127E9F31-3DC5-4E1D-99AC-A5DA1805DD3A}.Release|Any CPU.ActiveCfg = Release|Any CPU
		{127E9F31-3DC5-4E1D-99AC-A5DA1805DD3A}.Release|Any CPU.Build.0 = Release|Any CPU
	EndGlobalSection
	GlobalSection(SolutionProperties) = preSolution
		HideSolutionNode = FALSE
	EndGlobalSection
	GlobalSection(ExtensibilityGlobals) = postSolution
		SolutionGuid = {230F1111-9D97-40CD-81E4-7B36F7A59252}
	EndGlobalSection
EndGlobal
