
Microsoft Visual Studio Solution File, Format Version 12.00
# Visual Studio Version 16
VisualStudioVersion = 16.0.28711.60
MinimumVisualStudioVersion = 10.0.40219.1
Project("{FAE04EC0-301F-11D3-BF4B-00C04F79EFBC}") = "Nysgerrige spørgsmål", "Nysgerrige spørgsmål\Nysgerrige spørgsmål.csproj", "{84B89180-2CDE-4777-A1E0-B6FA68522117}"
EndProject
Global
	GlobalSection(SolutionConfigurationPlatforms) = preSolution
		Debug|Any CPU = Debug|Any CPU
		Release|Any CPU = Release|Any CPU
	EndGlobalSection
	GlobalSection(ProjectConfigurationPlatforms) = postSolution
		{84B89180-2CDE-4777-A1E0-B6FA68522117}.Debug|Any CPU.ActiveCfg = Debug|Any CPU
		{84B89180-2CDE-4777-A1E0-B6FA68522117}.Debug|Any CPU.Build.0 = Debug|Any CPU
		{84B89180-2CDE-4777-A1E0-B6FA68522117}.Release|Any CPU.ActiveCfg = Release|Any CPU
		{84B89180-2CDE-4777-A1E0-B6FA68522117}.Release|Any CPU.Build.0 = Release|Any CPU
	EndGlobalSection
	GlobalSection(SolutionProperties) = preSolution
		HideSolutionNode = FALSE
	EndGlobalSection
	GlobalSection(ExtensibilityGlobals) = postSolution
		SolutionGuid = {F7A52C33-0EA4-45A5-9210-59EF5B9783A9}
	EndGlobalSection
EndGlobal
