
Microsoft Visual Studio Solution File, Format Version 12.00
# Visual Studio 15
VisualStudioVersion = 15.0.28307.271
MinimumVisualStudioVersion = 10.0.40219.1
Project("{FAE04EC0-301F-11D3-BF4B-00C04F79EFBC}") = "Variable og datatyper", "Variable og datatyper\Variable og datatyper.csproj", "{EBFBC776-21D0-4091-9B52-E21FEF0D2F29}"
EndProject
Global
	GlobalSection(SolutionConfigurationPlatforms) = preSolution
		Debug|Any CPU = Debug|Any CPU
		Release|Any CPU = Release|Any CPU
	EndGlobalSection
	GlobalSection(ProjectConfigurationPlatforms) = postSolution
		{EBFBC776-21D0-4091-9B52-E21FEF0D2F29}.Debug|Any CPU.ActiveCfg = Debug|Any CPU
		{EBFBC776-21D0-4091-9B52-E21FEF0D2F29}.Debug|Any CPU.Build.0 = Debug|Any CPU
		{EBFBC776-21D0-4091-9B52-E21FEF0D2F29}.Release|Any CPU.ActiveCfg = Release|Any CPU
		{EBFBC776-21D0-4091-9B52-E21FEF0D2F29}.Release|Any CPU.Build.0 = Release|Any CPU
	EndGlobalSection
	GlobalSection(SolutionProperties) = preSolution
		HideSolutionNode = FALSE
	EndGlobalSection
	GlobalSection(ExtensibilityGlobals) = postSolution
		SolutionGuid = {0804560D-F2B8-4A80-AC22-4B490A6A1385}
	EndGlobalSection
EndGlobal
