
Microsoft Visual Studio Solution File, Format Version 12.00
# Visual Studio 15
VisualStudioVersion = 15.0.28307.438
MinimumVisualStudioVersion = 10.0.40219.1
Project("{FAE04EC0-301F-11D3-BF4B-00C04F79EFBC}") = "Geometri", "Geometri\Geometri.csproj", "{832743D0-5C93-436F-B0AB-882845DDE76B}"
EndProject
Global
	GlobalSection(SolutionConfigurationPlatforms) = preSolution
		Debug|Any CPU = Debug|Any CPU
		Release|Any CPU = Release|Any CPU
	EndGlobalSection
	GlobalSection(ProjectConfigurationPlatforms) = postSolution
		{832743D0-5C93-436F-B0AB-882845DDE76B}.Debug|Any CPU.ActiveCfg = Debug|Any CPU
		{832743D0-5C93-436F-B0AB-882845DDE76B}.Debug|Any CPU.Build.0 = Debug|Any CPU
		{832743D0-5C93-436F-B0AB-882845DDE76B}.Release|Any CPU.ActiveCfg = Release|Any CPU
		{832743D0-5C93-436F-B0AB-882845DDE76B}.Release|Any CPU.Build.0 = Release|Any CPU
	EndGlobalSection
	GlobalSection(SolutionProperties) = preSolution
		HideSolutionNode = FALSE
	EndGlobalSection
	GlobalSection(ExtensibilityGlobals) = postSolution
		SolutionGuid = {266F18E1-13AE-4E5D-800C-28CCC4EDF505}
	EndGlobalSection
EndGlobal
