
Microsoft Visual Studio Solution File, Format Version 12.00
# Visual Studio 15
VisualStudioVersion = 15.0.27130.2024
MinimumVisualStudioVersion = 10.0.40219.1
Project("{FAE04EC0-301F-11D3-BF4B-00C04F79EFBC}") = "Løkker Del 1", "Løkker Del 1\Løkker Del 1.csproj", "{008D2120-EADF-4DF6-B876-3C2153992413}"
EndProject
Global
	GlobalSection(SolutionConfigurationPlatforms) = preSolution
		Debug|Any CPU = Debug|Any CPU
		Release|Any CPU = Release|Any CPU
	EndGlobalSection
	GlobalSection(ProjectConfigurationPlatforms) = postSolution
		{008D2120-EADF-4DF6-B876-3C2153992413}.Debug|Any CPU.ActiveCfg = Debug|Any CPU
		{008D2120-EADF-4DF6-B876-3C2153992413}.Debug|Any CPU.Build.0 = Debug|Any CPU
		{008D2120-EADF-4DF6-B876-3C2153992413}.Release|Any CPU.ActiveCfg = Release|Any CPU
		{008D2120-EADF-4DF6-B876-3C2153992413}.Release|Any CPU.Build.0 = Release|Any CPU
	EndGlobalSection
	GlobalSection(SolutionProperties) = preSolution
		HideSolutionNode = FALSE
	EndGlobalSection
	GlobalSection(ExtensibilityGlobals) = postSolution
		SolutionGuid = {37F151B9-441A-4A96-B4EA-3F029D88743D}
	EndGlobalSection
EndGlobal
