
Microsoft Visual Studio Solution File, Format Version 12.00
# Visual Studio Version 16
VisualStudioVersion = 16.0.28705.295
MinimumVisualStudioVersion = 10.0.40219.1
Project("{FAE04EC0-301F-11D3-BF4B-00C04F79EFBC}") = "ThePizzaChallenge", "ThePizzaChallenge\ThePizzaChallenge.csproj", "{035FD998-DB3B-425C-BFD7-4BECD5D04D9C}"
EndProject
Global
	GlobalSection(SolutionConfigurationPlatforms) = preSolution
		Debug|Any CPU = Debug|Any CPU
		Release|Any CPU = Release|Any CPU
	EndGlobalSection
	GlobalSection(ProjectConfigurationPlatforms) = postSolution
		{035FD998-DB3B-425C-BFD7-4BECD5D04D9C}.Debug|Any CPU.ActiveCfg = Debug|Any CPU
		{035FD998-DB3B-425C-BFD7-4BECD5D04D9C}.Debug|Any CPU.Build.0 = Debug|Any CPU
		{035FD998-DB3B-425C-BFD7-4BECD5D04D9C}.Release|Any CPU.ActiveCfg = Release|Any CPU
		{035FD998-DB3B-425C-BFD7-4BECD5D04D9C}.Release|Any CPU.Build.0 = Release|Any CPU
	EndGlobalSection
	GlobalSection(SolutionProperties) = preSolution
		HideSolutionNode = FALSE
	EndGlobalSection
	GlobalSection(ExtensibilityGlobals) = postSolution
		SolutionGuid = {82E0853B-FF99-4366-ABE9-7A5A22838755}
	EndGlobalSection
EndGlobal
