
Microsoft Visual Studio Solution File, Format Version 12.00
# Visual Studio Version 16
VisualStudioVersion = 16.0.28803.352
MinimumVisualStudioVersion = 10.0.40219.1
Project("{FAE04EC0-301F-11D3-BF4B-00C04F79EFBC}") = "CQuestionFui", "CQuestionFui\CQuestionFui.csproj", "{CE2180F3-CFF5-4A34-8BEA-7766A7EDC76F}"
EndProject
Global
	GlobalSection(SolutionConfigurationPlatforms) = preSolution
		Debug|Any CPU = Debug|Any CPU
		Release|Any CPU = Release|Any CPU
	EndGlobalSection
	GlobalSection(ProjectConfigurationPlatforms) = postSolution
		{CE2180F3-CFF5-4A34-8BEA-7766A7EDC76F}.Debug|Any CPU.ActiveCfg = Debug|Any CPU
		{CE2180F3-CFF5-4A34-8BEA-7766A7EDC76F}.Debug|Any CPU.Build.0 = Debug|Any CPU
		{CE2180F3-CFF5-4A34-8BEA-7766A7EDC76F}.Release|Any CPU.ActiveCfg = Release|Any CPU
		{CE2180F3-CFF5-4A34-8BEA-7766A7EDC76F}.Release|Any CPU.Build.0 = Release|Any CPU
	EndGlobalSection
	GlobalSection(SolutionProperties) = preSolution
		HideSolutionNode = FALSE
	EndGlobalSection
	GlobalSection(ExtensibilityGlobals) = postSolution
		SolutionGuid = {0CF5D32F-6597-4174-8D8F-766006580BD6}
	EndGlobalSection
EndGlobal
