
Microsoft Visual Studio Solution File, Format Version 12.00
# Visual Studio Version 16
VisualStudioVersion = 16.0.29006.145
MinimumVisualStudioVersion = 10.0.40219.1
Project("{FAE04EC0-301F-11D3-BF4B-00C04F79EFBC}") = "StudentCSV", "StudentCSV\StudentCSV.csproj", "{AC7CDB1A-A7D1-42BE-ABC6-50A51AAA3A87}"
EndProject
Global
	GlobalSection(SolutionConfigurationPlatforms) = preSolution
		Debug|Any CPU = Debug|Any CPU
		Release|Any CPU = Release|Any CPU
	EndGlobalSection
	GlobalSection(ProjectConfigurationPlatforms) = postSolution
		{AC7CDB1A-A7D1-42BE-ABC6-50A51AAA3A87}.Debug|Any CPU.ActiveCfg = Debug|Any CPU
		{AC7CDB1A-A7D1-42BE-ABC6-50A51AAA3A87}.Debug|Any CPU.Build.0 = Debug|Any CPU
		{AC7CDB1A-A7D1-42BE-ABC6-50A51AAA3A87}.Release|Any CPU.ActiveCfg = Release|Any CPU
		{AC7CDB1A-A7D1-42BE-ABC6-50A51AAA3A87}.Release|Any CPU.Build.0 = Release|Any CPU
	EndGlobalSection
	GlobalSection(SolutionProperties) = preSolution
		HideSolutionNode = FALSE
	EndGlobalSection
	GlobalSection(ExtensibilityGlobals) = postSolution
		SolutionGuid = {3643D263-6BA6-4742-8BD1-6736AED15C5F}
	EndGlobalSection
EndGlobal
