
Microsoft Visual Studio Solution File, Format Version 12.00
# Visual Studio 15
VisualStudioVersion = 15.0.28307.421
MinimumVisualStudioVersion = 10.0.40219.1
Project("{FAE04EC0-301F-11D3-BF4B-00C04F79EFBC}") = "Miljø AD tool", "Miljø AD tool\Miljø AD tool.csproj", "{42289307-3BAD-4BA2-A36E-399589B4F701}"
EndProject
Project("{FAE04EC0-301F-11D3-BF4B-00C04F79EFBC}") = "UserInterFace", "UserInterFace\UserInterFace.csproj", "{A3B6EE2A-69DE-42F7-8BBE-56B594DDCDE1}"
EndProject
Global
	GlobalSection(SolutionConfigurationPlatforms) = preSolution
		Debug|Any CPU = Debug|Any CPU
		Release|Any CPU = Release|Any CPU
	EndGlobalSection
	GlobalSection(ProjectConfigurationPlatforms) = postSolution
		{42289307-3BAD-4BA2-A36E-399589B4F701}.Debug|Any CPU.ActiveCfg = Debug|Any CPU
		{42289307-3BAD-4BA2-A36E-399589B4F701}.Debug|Any CPU.Build.0 = Debug|Any CPU
		{42289307-3BAD-4BA2-A36E-399589B4F701}.Release|Any CPU.ActiveCfg = Release|Any CPU
		{42289307-3BAD-4BA2-A36E-399589B4F701}.Release|Any CPU.Build.0 = Release|Any CPU
		{A3B6EE2A-69DE-42F7-8BBE-56B594DDCDE1}.Debug|Any CPU.ActiveCfg = Debug|Any CPU
		{A3B6EE2A-69DE-42F7-8BBE-56B594DDCDE1}.Debug|Any CPU.Build.0 = Debug|Any CPU
		{A3B6EE2A-69DE-42F7-8BBE-56B594DDCDE1}.Release|Any CPU.ActiveCfg = Release|Any CPU
		{A3B6EE2A-69DE-42F7-8BBE-56B594DDCDE1}.Release|Any CPU.Build.0 = Release|Any CPU
	EndGlobalSection
	GlobalSection(SolutionProperties) = preSolution
		HideSolutionNode = FALSE
	EndGlobalSection
	GlobalSection(ExtensibilityGlobals) = postSolution
		SolutionGuid = {2F30C77C-6BE6-4664-AC5B-D8710D7512D0}
	EndGlobalSection
EndGlobal
