
Microsoft Visual Studio Solution File, Format Version 12.00
# Visual Studio 15
VisualStudioVersion = 15.0.28010.2046
MinimumVisualStudioVersion = 10.0.40219.1
Project("{FAE04EC0-301F-11D3-BF4B-00C04F79EFBC}") = "aTripOnTheLibry", "aTripOnTheLibry\aTripOnTheLibry.csproj", "{BB945636-ED7B-4E75-BD72-7A2B860B325D}"
EndProject
Global
	GlobalSection(SolutionConfigurationPlatforms) = preSolution
		Debug|Any CPU = Debug|Any CPU
		Release|Any CPU = Release|Any CPU
	EndGlobalSection
	GlobalSection(ProjectConfigurationPlatforms) = postSolution
		{BB945636-ED7B-4E75-BD72-7A2B860B325D}.Debug|Any CPU.ActiveCfg = Debug|Any CPU
		{BB945636-ED7B-4E75-BD72-7A2B860B325D}.Debug|Any CPU.Build.0 = Debug|Any CPU
		{BB945636-ED7B-4E75-BD72-7A2B860B325D}.Release|Any CPU.ActiveCfg = Release|Any CPU
		{BB945636-ED7B-4E75-BD72-7A2B860B325D}.Release|Any CPU.Build.0 = Release|Any CPU
	EndGlobalSection
	GlobalSection(SolutionProperties) = preSolution
		HideSolutionNode = FALSE
	EndGlobalSection
	GlobalSection(ExtensibilityGlobals) = postSolution
		SolutionGuid = {A260BB6B-7354-46AA-9AAB-9422708E1700}
	EndGlobalSection
EndGlobal
