
Microsoft Visual Studio Solution File, Format Version 12.00
# Visual Studio Version 16
VisualStudioVersion = 16.0.28705.295
MinimumVisualStudioVersion = 10.0.40219.1
Project("{FAE04EC0-301F-11D3-BF4B-00C04F79EFBC}") = "Planet", "Planet\Planet.csproj", "{9438E6AD-5D03-4E48-AC12-EE8248EDEB3C}"
EndProject
Global
	GlobalSection(SolutionConfigurationPlatforms) = preSolution
		Debug|Any CPU = Debug|Any CPU
		Release|Any CPU = Release|Any CPU
	EndGlobalSection
	GlobalSection(ProjectConfigurationPlatforms) = postSolution
		{9438E6AD-5D03-4E48-AC12-EE8248EDEB3C}.Debug|Any CPU.ActiveCfg = Debug|Any CPU
		{9438E6AD-5D03-4E48-AC12-EE8248EDEB3C}.Debug|Any CPU.Build.0 = Debug|Any CPU
		{9438E6AD-5D03-4E48-AC12-EE8248EDEB3C}.Release|Any CPU.ActiveCfg = Release|Any CPU
		{9438E6AD-5D03-4E48-AC12-EE8248EDEB3C}.Release|Any CPU.Build.0 = Release|Any CPU
	EndGlobalSection
	GlobalSection(SolutionProperties) = preSolution
		HideSolutionNode = FALSE
	EndGlobalSection
	GlobalSection(ExtensibilityGlobals) = postSolution
		SolutionGuid = {4D908981-FAF6-47D1-8FEF-46E773C46454}
	EndGlobalSection
EndGlobal
