
Microsoft Visual Studio Solution File, Format Version 12.00
# Visual Studio 15
VisualStudioVersion = 15.0.28010.2036
MinimumVisualStudioVersion = 10.0.40219.1
Project("{FAE04EC0-301F-11D3-BF4B-00C04F79EFBC}") = "Online Shop", "Online Shop\Online Shop.csproj", "{397ED4C6-95A0-47A7-9908-FD8F73700499}"
EndProject
Global
	GlobalSection(SolutionConfigurationPlatforms) = preSolution
		Debug|Any CPU = Debug|Any CPU
		Release|Any CPU = Release|Any CPU
	EndGlobalSection
	GlobalSection(ProjectConfigurationPlatforms) = postSolution
		{397ED4C6-95A0-47A7-9908-FD8F73700499}.Debug|Any CPU.ActiveCfg = Debug|Any CPU
		{397ED4C6-95A0-47A7-9908-FD8F73700499}.Debug|Any CPU.Build.0 = Debug|Any CPU
		{397ED4C6-95A0-47A7-9908-FD8F73700499}.Release|Any CPU.ActiveCfg = Release|Any CPU
		{397ED4C6-95A0-47A7-9908-FD8F73700499}.Release|Any CPU.Build.0 = Release|Any CPU
	EndGlobalSection
	GlobalSection(SolutionProperties) = preSolution
		HideSolutionNode = FALSE
	EndGlobalSection
	GlobalSection(ExtensibilityGlobals) = postSolution
		SolutionGuid = {1F79CF1F-AB8C-4D89-9459-4561ECF5FB7C}
	EndGlobalSection
EndGlobal
