
Microsoft Visual Studio Solution File, Format Version 12.00
# Visual Studio Version 16
VisualStudioVersion = 16.0.28711.60
MinimumVisualStudioVersion = 10.0.40219.1
Project("{FAE04EC0-301F-11D3-BF4B-00C04F79EFBC}") = "BallAndCups", "BallAndCups\BallAndCups.csproj", "{57324B2F-609E-4607-AFE7-44D41D396313}"
EndProject
Global
	GlobalSection(SolutionConfigurationPlatforms) = preSolution
		Debug|Any CPU = Debug|Any CPU
		Release|Any CPU = Release|Any CPU
	EndGlobalSection
	GlobalSection(ProjectConfigurationPlatforms) = postSolution
		{57324B2F-609E-4607-AFE7-44D41D396313}.Debug|Any CPU.ActiveCfg = Debug|Any CPU
		{57324B2F-609E-4607-AFE7-44D41D396313}.Debug|Any CPU.Build.0 = Debug|Any CPU
		{57324B2F-609E-4607-AFE7-44D41D396313}.Release|Any CPU.ActiveCfg = Release|Any CPU
		{57324B2F-609E-4607-AFE7-44D41D396313}.Release|Any CPU.Build.0 = Release|Any CPU
	EndGlobalSection
	GlobalSection(SolutionProperties) = preSolution
		HideSolutionNode = FALSE
	EndGlobalSection
	GlobalSection(ExtensibilityGlobals) = postSolution
		SolutionGuid = {2E7911E7-7C54-4A77-8D2E-74F5E42389BA}
	EndGlobalSection
EndGlobal
