
Microsoft Visual Studio Solution File, Format Version 12.00
# Visual Studio 15
VisualStudioVersion = 15.0.28010.2036
MinimumVisualStudioVersion = 10.0.40219.1
Project("{FAE04EC0-301F-11D3-BF4B-00C04F79EFBC}") = "palindrom + CRP check", "palindrom + CRP check\palindrom + CRP check.csproj", "{97543548-1A06-46AD-B869-1412CC76817C}"
EndProject
Project("{2150E333-8FDC-42A3-9474-1A3956D46DE8}") = "Solution Items", "Solution Items", "{059CEABA-A2CF-4A6A-906C-37B7432584E2}"
EndProject
Global
	GlobalSection(SolutionConfigurationPlatforms) = preSolution
		Debug|Any CPU = Debug|Any CPU
		Release|Any CPU = Release|Any CPU
	EndGlobalSection
	GlobalSection(ProjectConfigurationPlatforms) = postSolution
		{97543548-1A06-46AD-B869-1412CC76817C}.Debug|Any CPU.ActiveCfg = Debug|Any CPU
		{97543548-1A06-46AD-B869-1412CC76817C}.Debug|Any CPU.Build.0 = Debug|Any CPU
		{97543548-1A06-46AD-B869-1412CC76817C}.Release|Any CPU.ActiveCfg = Release|Any CPU
		{97543548-1A06-46AD-B869-1412CC76817C}.Release|Any CPU.Build.0 = Release|Any CPU
	EndGlobalSection
	GlobalSection(SolutionProperties) = preSolution
		HideSolutionNode = FALSE
	EndGlobalSection
	GlobalSection(ExtensibilityGlobals) = postSolution
		SolutionGuid = {CB38CF24-36F8-4D79-8186-E89AC40AA33A}
	EndGlobalSection
EndGlobal
