
Microsoft Visual Studio Solution File, Format Version 12.00
# Visual Studio 15
VisualStudioVersion = 15.0.27130.2027
MinimumVisualStudioVersion = 10.0.40219.1
Project("{FAE04EC0-301F-11D3-BF4B-00C04F79EFBC}") = "opgave 4", "opgave 4\opgave 4.csproj", "{DDF4D549-AB02-4131-867A-00A9057C8901}"
EndProject
Global
	GlobalSection(SolutionConfigurationPlatforms) = preSolution
		Debug|Any CPU = Debug|Any CPU
		Release|Any CPU = Release|Any CPU
	EndGlobalSection
	GlobalSection(ProjectConfigurationPlatforms) = postSolution
		{DDF4D549-AB02-4131-867A-00A9057C8901}.Debug|Any CPU.ActiveCfg = Debug|Any CPU
		{DDF4D549-AB02-4131-867A-00A9057C8901}.Debug|Any CPU.Build.0 = Debug|Any CPU
		{DDF4D549-AB02-4131-867A-00A9057C8901}.Release|Any CPU.ActiveCfg = Release|Any CPU
		{DDF4D549-AB02-4131-867A-00A9057C8901}.Release|Any CPU.Build.0 = Release|Any CPU
	EndGlobalSection
	GlobalSection(SolutionProperties) = preSolution
		HideSolutionNode = FALSE
	EndGlobalSection
	GlobalSection(ExtensibilityGlobals) = postSolution
		SolutionGuid = {C7E495AC-8DAB-4C82-9A68-2A56CD81BA94}
	EndGlobalSection
EndGlobal
