
Microsoft Visual Studio Solution File, Format Version 12.00
# Visual Studio 15
VisualStudioVersion = 15.0.27130.2027
MinimumVisualStudioVersion = 10.0.40219.1
Project("{FAE04EC0-301F-11D3-BF4B-00C04F79EFBC}") = "oppgave 10", "oppgave 10\oppgave 10.csproj", "{D280A336-9149-4422-9B8C-70241FC03AEA}"
EndProject
Global
	GlobalSection(SolutionConfigurationPlatforms) = preSolution
		Debug|Any CPU = Debug|Any CPU
		Release|Any CPU = Release|Any CPU
	EndGlobalSection
	GlobalSection(ProjectConfigurationPlatforms) = postSolution
		{D280A336-9149-4422-9B8C-70241FC03AEA}.Debug|Any CPU.ActiveCfg = Debug|Any CPU
		{D280A336-9149-4422-9B8C-70241FC03AEA}.Debug|Any CPU.Build.0 = Debug|Any CPU
		{D280A336-9149-4422-9B8C-70241FC03AEA}.Release|Any CPU.ActiveCfg = Release|Any CPU
		{D280A336-9149-4422-9B8C-70241FC03AEA}.Release|Any CPU.Build.0 = Release|Any CPU
	EndGlobalSection
	GlobalSection(SolutionProperties) = preSolution
		HideSolutionNode = FALSE
	EndGlobalSection
	GlobalSection(ExtensibilityGlobals) = postSolution
		SolutionGuid = {1346A267-3F4E-48DD-907A-7A94B6D451A0}
	EndGlobalSection
EndGlobal
