
Microsoft Visual Studio Solution File, Format Version 12.00
# Visual Studio 15
VisualStudioVersion = 15.0.27428.2005
MinimumVisualStudioVersion = 10.0.40219.1
Project("{FAE04EC0-301F-11D3-BF4B-00C04F79EFBC}") = "Matematik Report", "Matematik Report\Matematik Report.csproj", "{500910AE-5846-40FA-9417-99D880C8E389}"
EndProject
Global
	GlobalSection(SolutionConfigurationPlatforms) = preSolution
		Debug|Any CPU = Debug|Any CPU
		Release|Any CPU = Release|Any CPU
	EndGlobalSection
	GlobalSection(ProjectConfigurationPlatforms) = postSolution
		{500910AE-5846-40FA-9417-99D880C8E389}.Debug|Any CPU.ActiveCfg = Debug|Any CPU
		{500910AE-5846-40FA-9417-99D880C8E389}.Debug|Any CPU.Build.0 = Debug|Any CPU
		{500910AE-5846-40FA-9417-99D880C8E389}.Release|Any CPU.ActiveCfg = Release|Any CPU
		{500910AE-5846-40FA-9417-99D880C8E389}.Release|Any CPU.Build.0 = Release|Any CPU
	EndGlobalSection
	GlobalSection(SolutionProperties) = preSolution
		HideSolutionNode = FALSE
	EndGlobalSection
	GlobalSection(ExtensibilityGlobals) = postSolution
		SolutionGuid = {D3F009DB-0D4D-4FB7-BC71-0A773D6D16FF}
	EndGlobalSection
EndGlobal
