
Microsoft Visual Studio Solution File, Format Version 12.00
# Visual Studio 15
VisualStudioVersion = 15.0.27130.2027
MinimumVisualStudioVersion = 10.0.40219.1
Project("{FAE04EC0-301F-11D3-BF4B-00C04F79EFBC}") = "Metoder", "Metoder\Metoder.csproj", "{9ABC296C-0D39-4682-9ACF-8BF5214247BD}"
EndProject
Global
	GlobalSection(SolutionConfigurationPlatforms) = preSolution
		Debug|Any CPU = Debug|Any CPU
		Release|Any CPU = Release|Any CPU
	EndGlobalSection
	GlobalSection(ProjectConfigurationPlatforms) = postSolution
		{9ABC296C-0D39-4682-9ACF-8BF5214247BD}.Debug|Any CPU.ActiveCfg = Debug|Any CPU
		{9ABC296C-0D39-4682-9ACF-8BF5214247BD}.Debug|Any CPU.Build.0 = Debug|Any CPU
		{9ABC296C-0D39-4682-9ACF-8BF5214247BD}.Release|Any CPU.ActiveCfg = Release|Any CPU
		{9ABC296C-0D39-4682-9ACF-8BF5214247BD}.Release|Any CPU.Build.0 = Release|Any CPU
	EndGlobalSection
	GlobalSection(SolutionProperties) = preSolution
		HideSolutionNode = FALSE
	EndGlobalSection
	GlobalSection(ExtensibilityGlobals) = postSolution
		SolutionGuid = {4F6FC3F0-3EA1-4C49-AEB1-9D042DDAA7DB}
	EndGlobalSection
EndGlobal
