
Microsoft Visual Studio Solution File, Format Version 12.00
# Visual Studio Version 16
VisualStudioVersion = 16.0.28531.58
MinimumVisualStudioVersion = 10.0.40219.1
Project("{FAE04EC0-301F-11D3-BF4B-00C04F79EFBC}") = "RandomNumberToText", "RandomNumberToText\RandomNumberToText.csproj", "{3F95230A-2EEC-48D8-8981-380A901EA696}"
EndProject
Global
	GlobalSection(SolutionConfigurationPlatforms) = preSolution
		Debug|Any CPU = Debug|Any CPU
		Release|Any CPU = Release|Any CPU
	EndGlobalSection
	GlobalSection(ProjectConfigurationPlatforms) = postSolution
		{3F95230A-2EEC-48D8-8981-380A901EA696}.Debug|Any CPU.ActiveCfg = Debug|Any CPU
		{3F95230A-2EEC-48D8-8981-380A901EA696}.Debug|Any CPU.Build.0 = Debug|Any CPU
		{3F95230A-2EEC-48D8-8981-380A901EA696}.Release|Any CPU.ActiveCfg = Release|Any CPU
		{3F95230A-2EEC-48D8-8981-380A901EA696}.Release|Any CPU.Build.0 = Release|Any CPU
	EndGlobalSection
	GlobalSection(SolutionProperties) = preSolution
		HideSolutionNode = FALSE
	EndGlobalSection
	GlobalSection(ExtensibilityGlobals) = postSolution
		SolutionGuid = {DA82E756-55D3-447D-95AC-9713AFC7A9D1}
	EndGlobalSection
EndGlobal
